{
  "name": "spam-pairng-wa",
  "version": "1.0.0",
  "lockfileVersion": 2,
  "requires": true,
  "dependencies": {
    "@hapi/boom": {
      "version": "^10.0.1",
      "resolved": "https://registry.npmjs.org/@hapi/boom/-/boom-10.0.1.tgz",
      "integrity": "sha512-...",
      "engines": {
        "node": ">= 6.x"
      }
    },
    "@whiskeysockets/baileys": {
      "version": "^6.5.0",
      "resolved": "https://registry.npmjs.org/@whiskeysockets/baileys/-/baileys-6.5.0.tgz",
      "integrity": "sha512-...",
      "engines": {
        "node": ">=14.0.0"
      }
    },
    "clear-console": {
      "version": "^1.1.0",
      "resolved": "https://registry.npmjs.org/clear-console/-/clear-console-1.1.0.tgz",
      "integrity": "sha512-..."
    },
    "pino": {
      "version": "^8.16.2",
      "resolved": "https://registry.npmjs.org/pino/-/pino-8.16.2.tgz",
      "integrity": "sha512-..."
    },
    "qrcode-terminal": {
      "version": "^0.12.0",
      "resolved": "https://registry.npmjs.org/qrcode-terminal/-/qrcode-terminal-0.12.0.tgz",
      "integrity": "sha512-..."
    }
  }
}
